
Microsoft Visual Studio Solution File, Format Version 12.00
# Visual Studio Version 17
VisualStudioVersion = 17.0.31903.59
MinimumVisualStudioVersion = 10.0.40219.1
Project("{9A19103F-16F7-4668-BE54-9A1E7A4F7556}") = "TaskManagerApi", "TaskManagerApi\TaskManagerApi.csproj", "{34BA660F-5A3E-4144-AAE7-9768FFE01F49}"
EndProject
Project("{9A19103F-16F7-4668-BE54-9A1E7A4F7556}") = "TaskReminderService", "TaskReminderService\TaskReminderService.csproj", "{0E0A709D-24D8-440F-943D-FE2F107F1085}"
EndProject
Global
	GlobalSection(SolutionConfigurationPlatforms) = preSolution
		Debug|Any CPU = Debug|Any CPU
		Release|Any CPU = Release|Any CPU
	EndGlobalSection
	GlobalSection(ProjectConfigurationPlatforms) = postSolution
		{34BA660F-5A3E-4144-AAE7-9768FFE01F49}.Debug|Any CPU.ActiveCfg = Debug|Any CPU
		{34BA660F-5A3E-4144-AAE7-9768FFE01F49}.Debug|Any CPU.Build.0 = Debug|Any CPU
		{34BA660F-5A3E-4144-AAE7-9768FFE01F49}.Release|Any CPU.ActiveCfg = Release|Any CPU
		{34BA660F-5A3E-4144-AAE7-9768FFE01F49}.Release|Any CPU.Build.0 = Release|Any CPU
		{0E0A709D-24D8-440F-943D-FE2F107F1085}.Debug|Any CPU.ActiveCfg = Debug|Any CPU
		{0E0A709D-24D8-440F-943D-FE2F107F1085}.Debug|Any CPU.Build.0 = Debug|Any CPU
		{0E0A709D-24D8-440F-943D-FE2F107F1085}.Release|Any CPU.ActiveCfg = Release|Any CPU
		{0E0A709D-24D8-440F-943D-FE2F107F1085}.Release|Any CPU.Build.0 = Release|Any CPU
	EndGlobalSection
	GlobalSection(SolutionProperties) = preSolution
		HideSolutionNode = FALSE
	EndGlobalSection
	GlobalSection(ExtensibilityGlobals) = postSolution
		SolutionGuid = {5CED24AD-E8E3-4625-8218-895482BB33E4}
	EndGlobalSection
EndGlobal
